<?xml version="1.0" encoding="utf-8"?>
<Project ToolsVersion="4.0" xmlns="http://schemas.microsoft.com/developer/msbuild/2003">
  <ItemGroup>
    <Filter Include="Source Files">
      <UniqueIdentifier>{4FC737F1-C7A5-4376-A066-2A32D752A2FF}</UniqueIdentifier>
      <Extensions>cpp;c;cc;cxx;def;odl;idl;hpj;bat;asm;asmx</Extensions>
    </Filter>
    <Filter Include="Header Files">
      <UniqueIdentifier>{93995380-89BD-4b04-88EB-625FBE52EBFB}</UniqueIdentifier>
      <Extensions>h;hh;hpp;hxx;hm;inl;inc;xsd</Extensions>
    </Filter>
    <Filter Include="distorm">
      <UniqueIdentifier>{10a5e749-9338-4c4a-b253-0efe1dab1511}</UniqueIdentifier>
    </Filter>
    <Filter Include="Resources">
      <UniqueIdentifier>{a2b1eb7d-5181-4750-9616-1ebea79d790c}</UniqueIdentifier>
    </Filter>
    <Filter Include="Dialog">
      <UniqueIdentifier>{59272021-519d-469e-84ab-8d2c5c01b6be}</UniqueIdentifier>
    </Filter>
  </ItemGroup>
  <ItemGroup>
    <ClInclude Include="stdafx.h">
      <Filter>Header Files</Filter>
    </ClInclude>
    <ClInclude Include="Plugin.h">
      <Filter>Header Files</Filter>
    </ClInclude>
    <ClInclude Include="distorm\config.h">
      <Filter>distorm</Filter>
    </ClInclude>
    <ClInclude Include="distorm\decoder.h">
      <Filter>distorm</Filter>
    </ClInclude>
    <ClInclude Include="distorm\distorm.h">
      <Filter>distorm</Filter>
    </ClInclude>
    <ClInclude Include="distorm\instructions.h">
      <Filter>distorm</Filter>
    </ClInclude>
    <ClInclude Include="distorm\insts.h">
      <Filter>distorm</Filter>
    </ClInclude>
    <ClInclude Include="distorm\mnemonics.h">
      <Filter>distorm</Filter>
    </ClInclude>
    <ClInclude Include="distorm\operands.h">
      <Filter>distorm</Filter>
    </ClInclude>
    <ClInclude Include="distorm\prefix.h">
      <Filter>distorm</Filter>
    </ClInclude>
    <ClInclude Include="distorm\textdefs.h">
      <Filter>distorm</Filter>
    </ClInclude>
    <ClInclude Include="distorm\wstring.h">
      <Filter>distorm</Filter>
    </ClInclude>
    <ClInclude Include="distorm\x86defs.h">
      <Filter>distorm</Filter>
    </ClInclude>
    <ClInclude Include="SigMake.h">
      <Filter>Header Files</Filter>
    </ClInclude>
    <ClInclude Include="resource.h">
      <Filter>Resources</Filter>
    </ClInclude>
    <ClInclude Include="Descriptor.h">
      <Filter>Header Files</Filter>
    </ClInclude>
    <ClInclude Include="Dialog\SigMakeDialog.h">
      <Filter>Dialog</Filter>
    </ClInclude>
    <ClInclude Include="Dialog\SettingsDialog.h">
      <Filter>Dialog</Filter>
    </ClInclude>
    <ClInclude Include="Dialog\Settings.h">
      <Filter>Dialog</Filter>
    </ClInclude>
    <ClInclude Include="pluginsdk\_dbgfunctions.h">
      <Filter>Header Files</Filter>
    </ClInclude>
    <ClInclude Include="pluginsdk\_plugin_types.h">
      <Filter>Header Files</Filter>
    </ClInclude>
    <ClInclude Include="pluginsdk\_plugins.h">
      <Filter>Header Files</Filter>
    </ClInclude>
    <ClInclude Include="pluginsdk\_scriptapi.h">
      <Filter>Header Files</Filter>
    </ClInclude>
    <ClInclude Include="pluginsdk\_scriptapi_argument.h">
      <Filter>Header Files</Filter>
    </ClInclude>
    <ClInclude Include="pluginsdk\_scriptapi_assembler.h">
      <Filter>Header Files</Filter>
    </ClInclude>
    <ClInclude Include="pluginsdk\_scriptapi_bookmark.h">
      <Filter>Header Files</Filter>
    </ClInclude>
    <ClInclude Include="pluginsdk\_scriptapi_comment.h">
      <Filter>Header Files</Filter>
    </ClInclude>
    <ClInclude Include="pluginsdk\_scriptapi_debug.h">
      <Filter>Header Files</Filter>
    </ClInclude>
    <ClInclude Include="pluginsdk\_scriptapi_flag.h">
      <Filter>Header Files</Filter>
    </ClInclude>
    <ClInclude Include="pluginsdk\_scriptapi_function.h">
      <Filter>Header Files</Filter>
    </ClInclude>
    <ClInclude Include="pluginsdk\_scriptapi_gui.h">
      <Filter>Header Files</Filter>
    </ClInclude>
    <ClInclude Include="pluginsdk\_scriptapi_label.h">
      <Filter>Header Files</Filter>
    </ClInclude>
    <ClInclude Include="pluginsdk\_scriptapi_memory.h">
      <Filter>Header Files</Filter>
    </ClInclude>
    <ClInclude Include="pluginsdk\_scriptapi_misc.h">
      <Filter>Header Files</Filter>
    </ClInclude>
    <ClInclude Include="pluginsdk\_scriptapi_module.h">
      <Filter>Header Files</Filter>
    </ClInclude>
    <ClInclude Include="pluginsdk\_scriptapi_pattern.h">
      <Filter>Header Files</Filter>
    </ClInclude>
    <ClInclude Include="pluginsdk\_scriptapi_register.h">
      <Filter>Header Files</Filter>
    </ClInclude>
    <ClInclude Include="pluginsdk\_scriptapi_stack.h">
      <Filter>Header Files</Filter>
    </ClInclude>
    <ClInclude Include="pluginsdk\_scriptapi_symbol.h">
      <Filter>Header Files</Filter>
    </ClInclude>
    <ClInclude Include="pluginsdk\bridgegraph.h">
      <Filter>Header Files</Filter>
    </ClInclude>
    <ClInclude Include="pluginsdk\bridgelist.h">
      <Filter>Header Files</Filter>
    </ClInclude>
    <ClInclude Include="pluginsdk\bridgemain.h">
      <Filter>Header Files</Filter>
    </ClInclude>
  </ItemGroup>
  <ItemGroup>
    <ClCompile Include="stdafx.cpp">
      <Filter>Source Files</Filter>
    </ClCompile>
    <ClCompile Include="Plugin.cpp">
      <Filter>Source Files</Filter>
    </ClCompile>
    <ClCompile Include="SigMake.cpp">
      <Filter>Source Files</Filter>
    </ClCompile>
    <ClCompile Include="distorm\decoder.c">
      <Filter>distorm</Filter>
    </ClCompile>
    <ClCompile Include="distorm\distorm.c">
      <Filter>distorm</Filter>
    </ClCompile>
    <ClCompile Include="distorm\instructions.c">
      <Filter>distorm</Filter>
    </ClCompile>
    <ClCompile Include="distorm\insts.c">
      <Filter>distorm</Filter>
    </ClCompile>
    <ClCompile Include="distorm\mnemonics.c">
      <Filter>distorm</Filter>
    </ClCompile>
    <ClCompile Include="distorm\operands.c">
      <Filter>distorm</Filter>
    </ClCompile>
    <ClCompile Include="distorm\prefix.c">
      <Filter>distorm</Filter>
    </ClCompile>
    <ClCompile Include="distorm\textdefs.c">
      <Filter>distorm</Filter>
    </ClCompile>
    <ClCompile Include="distorm\wstring.c">
      <Filter>distorm</Filter>
    </ClCompile>
    <ClCompile Include="Descriptor.cpp">
      <Filter>Source Files</Filter>
    </ClCompile>
    <ClCompile Include="Dialog\SettingsDialog.cpp">
      <Filter>Dialog</Filter>
    </ClCompile>
    <ClCompile Include="Dialog\Settings.cpp">
      <Filter>Dialog</Filter>
    </ClCompile>
    <ClCompile Include="Dialog\SigMakeDialog.cpp">
      <Filter>Dialog</Filter>
    </ClCompile>
  </ItemGroup>
  <ItemGroup>
    <ResourceCompile Include="sigmake.rc">
      <Filter>Resources</Filter>
    </ResourceCompile>
  </ItemGroup>
  <ItemGroup>
    <Library Include="pluginsdk\x32bridge.lib" />
    <Library Include="pluginsdk\x32dbg.lib" />
    <Library Include="pluginsdk\x64bridge.lib" />
    <Library Include="pluginsdk\x64dbg.lib" />
  </ItemGroup>
</Project>